
Microsoft Visual Studio Solution File, Format Version 12.00
# Visual Studio Version 16
VisualStudioVersion = 25.0.1703.0
MinimumVisualStudioVersion = 10.0.40219.1
Project("{FAE04EC0-301F-11D3-BF4B-00C04F79EFBC}") = "Xamarin.iOS.ResourceDesigner", "Xamarin.iOS.ResourceDesigner\Xamarin.iOS.ResourceDesigner.csproj", "{3BF0AAD7-8979-4EE9-A26C-437D85718181}"
EndProject
Global
	GlobalSection(SolutionConfigurationPlatforms) = preSolution
		Debug|Any CPU = Debug|Any CPU
		Release|Any CPU = Release|Any CPU
	EndGlobalSection
	GlobalSection(ProjectConfigurationPlatforms) = postSolution
		{3BF0AAD7-8979-4EE9-A26C-437D85718181}.Debug|Any CPU.ActiveCfg = Debug|Any CPU
		{3BF0AAD7-8979-4EE9-A26C-437D85718181}.Debug|Any CPU.Build.0 = Debug|Any CPU
		{3BF0AAD7-8979-4EE9-A26C-437D85718181}.Release|Any CPU.ActiveCfg = Release|Any CPU
		{3BF0AAD7-8979-4EE9-A26C-437D85718181}.Release|Any CPU.Build.0 = Release|Any CPU
	EndGlobalSection
	GlobalSection(SolutionProperties) = preSolution
		HideSolutionNode = FALSE
	EndGlobalSection
	GlobalSection(ExtensibilityGlobals) = postSolution
		SolutionGuid = {B7D27C93-EBC3-49ED-ACA4-72FE5F7016AF}
	EndGlobalSection
EndGlobal
